
Microsoft Visual Studio Solution File, Format Version 12.00
# Visual Studio 15
VisualStudioVersion = 15.0.28307.645
MinimumVisualStudioVersion = 10.0.40219.1
Project("{FAE04EC0-301F-11D3-BF4B-00C04F79EFBC}") = "test3", "test3\test3.csproj", "{6EECE319-B15E-4388-8015-9868AD38D984}"
EndProject
Global
	GlobalSection(SolutionConfigurationPlatforms) = preSolution
		Debug|Any CPU = Debug|Any CPU
		Release|Any CPU = Release|Any CPU
	EndGlobalSection
	GlobalSection(ProjectConfigurationPlatforms) = postSolution
		{6EECE319-B15E-4388-8015-9868AD38D984}.Debug|Any CPU.ActiveCfg = Debug|Any CPU
		{6EECE319-B15E-4388-8015-9868AD38D984}.Debug|Any CPU.Build.0 = Debug|Any CPU
		{6EECE319-B15E-4388-8015-9868AD38D984}.Release|Any CPU.ActiveCfg = Release|Any CPU
		{6EECE319-B15E-4388-8015-9868AD38D984}.Release|Any CPU.Build.0 = Release|Any CPU
	EndGlobalSection
	GlobalSection(SolutionProperties) = preSolution
		HideSolutionNode = FALSE
	EndGlobalSection
	GlobalSection(ExtensibilityGlobals) = postSolution
		SolutionGuid = {9D7864CB-0E97-4B05-9E8B-88C694BDE09E}
	EndGlobalSection
EndGlobal
